// !$*UTF8*$!
{
	archiveVersion = 1;
	classes = {
	};
	objectVersion = 46;
	objects = {

/* Begin PBXBuildFile section */
		7DB40CD4EDFB131C46034AAF /* Pods_Tumblr_Feeds.framework in Frameworks */ = {isa = PBXBuildFile; fileRef = 63B26D9BEA38DCD19CF6B540 /* Pods_Tumblr_Feeds.framework */; };
		DD50F01A1E43DD5900BC4682 /* PhotoCell.swift in Sources */ = {isa = PBXBuildFile; fileRef = DD50F0191E43DD5900BC4682 /* PhotoCell.swift */; };
		DDB966ED1E43C7B6003C9411 /* AppDelegate.swift in Sources */ = {isa = PBXBuildFile; fileRef = DDB966EC1E43C7B6003C9411 /* AppDelegate.swift */; };
		DDB966F21E43C7B6003C9411 /* Main.storyboard in Resources */ = {isa = PBXBuildFile; fileRef = DDB966F01E43C7B6003C9411 /* Main.storyboard */; };
		DDB966F41E43C7B6003C9411 /* Assets.xcassets in Resources */ = {isa = PBXBuildFile; fileRef = DDB966F31E43C7B6003C9411 /* Assets.xcassets */; };
		DDB966FF1E43CB9B003C9411 /* PhotosViewController.swift in Sources */ = {isa = PBXBuildFile; fileRef = DDB966FE1E43CB9B003C9411 /* PhotosViewController.swift */; };
/* End PBXBuildFile section */

/* Begin PBXFileReference section */
		30E8F92279C2BEF9B77611C9 /* Pods-Tumblr Feeds.debug.xcconfig */ = {isa = PBXFileReference; includeInIndex = 1; lastKnownFileType = text.xcconfig; name = "Pods-Tumblr Feeds.debug.xcconfig"; path = "Pods/Target Support Files/Pods-Tumblr Feeds/Pods-Tumblr Feeds.debug.xcconfig"; sourceTree = "<group>"; };
		63B26D9BEA38DCD19CF6B540 /* Pods_Tumblr_Feeds.framework */ = {isa = PBXFileReference; explicitFileType = wrapper.framework; includeInIndex = 0; path = Pods_Tumblr_Feeds.framework; sourceTree = BUILT_PRODUCTS_DIR; };
		B223A86E0491B52F3B1E9866 /* Pods-Tumblr Feeds.release.xcconfig */ = {isa = PBXFileReference; includeInIndex = 1; lastKnownFileType = text.xcconfig; name = "Pods-Tumblr Feeds.release.xcconfig"; path = "Pods/Target Support Files/Pods-Tumblr Feeds/Pods-Tumblr Feeds.release.xcconfig"; sourceTree = "<group>"; };
		DD50F0191E43DD5900BC4682 /* PhotoCell.swift */ = {isa = PBXFileReference; fileEncoding = 4; lastKnownFileType = sourcecode.swift; path = PhotoCell.swift; sourceTree = "<group>"; };
		DDB966E91E43C7B6003C9411 /* Tumblr Feeds.app */ = {isa = PBXFileReference; explicitFileType = wrapper.application; includeInIndex = 0; path = "Tumblr Feeds.app"; sourceTree = BUILT_PRODUCTS_DIR; };
		DDB966EC1E43C7B6003C9411 /* AppDelegate.swift */ = {isa = PBXFileReference; lastKnownFileType = sourcecode.swift; path = AppDelegate.swift; sourceTree = "<group>"; };
		DDB966F11E43C7B6003C9411 /* Base */ = {isa = PBXFileReference; lastKnownFileType = file.storyboard; name = Base; path = Base.lproj/Main.storyboard; sourceTree = "<group>"; };
		DDB966F31E43C7B6003C9411 /* Assets.xcassets */ = {isa = PBXFileReference; lastKnownFileType = folder.assetcatalog; path = Assets.xcassets; sourceTree = "<group>"; };
		DDB966F81E43C7B6003C9411 /* Info.plist */ = {isa = PBXFileReference; lastKnownFileType = text.plist.xml; path = Info.plist; sourceTree = "<group>"; };
		DDB966FE1E43CB9B003C9411 /* PhotosViewController.swift */ = {isa = PBXFileReference; fileEncoding = 4; lastKnownFileType = sourcecode.swift; path = PhotosViewController.swift; sourceTree = "<group>"; };
/* End PBXFileReference section */

/* Begin PBXFrameworksBuildPhase section */
		DDB966E61E43C7B6003C9411 /* Frameworks */ = {
			isa = PBXFrameworksBuildPhase;
			buildActionMask = 2147483647;
			files = (
				7DB40CD4EDFB131C46034AAF /* Pods_Tumblr_Feeds.framework in Frameworks */,
			);
			runOnlyForDeploymentPostprocessing = 0;
		};
/* End PBXFrameworksBuildPhase section */

/* Begin PBXGroup section */
		48E1D79B53C39E403AC6432F /* Pods */ = {
			isa = PBXGroup;
			children = (
				30E8F92279C2BEF9B77611C9 /* Pods-Tumblr Feeds.debug.xcconfig */,
				B223A86E0491B52F3B1E9866 /* Pods-Tumblr Feeds.release.xcconfig */,
			);
			name = Pods;
			sourceTree = "<group>";
		};
		6C049683D4974A815DFC6418 /* Frameworks */ = {
			isa = PBXGroup;
			children = (
				63B26D9BEA38DCD19CF6B540 /* Pods_Tumblr_Feeds.framework */,
			);
			name = Frameworks;
			sourceTree = "<group>";
		};
		DD50F0161E43DADC00BC4682 /* Views */ = {
			isa = PBXGroup;
			children = (
				DD50F0191E43DD5900BC4682 /* PhotoCell.swift */,
			);
			name = Views;
			sourceTree = "<group>";
		};
		DDB966E01E43C7B6003C9411 = {
			isa = PBXGroup;
			children = (
				DDB966EB1E43C7B6003C9411 /* Tumblr Feeds */,
				DDB966EA1E43C7B6003C9411 /* Products */,
				48E1D79B53C39E403AC6432F /* Pods */,
				6C049683D4974A815DFC6418 /* Frameworks */,
			);
			sourceTree = "<group>";
		};
		DDB966EA1E43C7B6003C9411 /* Products */ = {
			isa = PBXGroup;
			children = (
				DDB966E91E43C7B6003C9411 /* Tumblr Feeds.app */,
			);
			name = Products;
			sourceTree = "<group>";
		};
		DDB966EB1E43C7B6003C9411 /* Tumblr Feeds */ = {
			isa = PBXGroup;
			children = (
				DD50F0161E43DADC00BC4682 /* Views */,
				DDB967001E43CBA1003C9411 /* View Controllers */,
				DDB966EC1E43C7B6003C9411 /* AppDelegate.swift */,
				DDB966F01E43C7B6003C9411 /* Main.storyboard */,
				DDB966F31E43C7B6003C9411 /* Assets.xcassets */,
				DDB966F81E43C7B6003C9411 /* Info.plist */,
			);
			path = "Tumblr Feeds";
			sourceTree = "<group>";
		};
		DDB967001E43CBA1003C9411 /* View Controllers */ = {
			isa = PBXGroup;
			children = (
				DDB966FE1E43CB9B003C9411 /* PhotosViewController.swift */,
			);
			name = "View Controllers";
			sourceTree = "<group>";
		};
/* End PBXGroup section */

/* Begin PBXNativeTarget section */
		DDB966E81E43C7B6003C9411 /* Tumblr Feeds */ = {
			isa = PBXNativeTarget;
			buildConfigurationList = DDB966FB1E43C7B6003C9411 /* Build configuration list for PBXNativeTarget "Tumblr Feeds" */;
			buildPhases = (
				260DD199EF630F6D9268F82C /* [CP] Check Pods Manifest.lock */,
				DDB966E51E43C7B6003C9411 /* Sources */,
				DDB966E61E43C7B6003C9411 /* Frameworks */,
				DDB966E71E43C7B6003C9411 /* Resources */,
				3E92DAB68991469225CAC1A2 /* [CP] Embed Pods Frameworks */,
				89EE76D630CDC29A6A332CA1 /* [CP] Copy Pods Resources */,
			);
			buildRules = (
			);
			dependencies = (
			);
			name = "Tumblr Feeds";
			productName = "Tumblr Feeds";
			productReference = DDB966E91E43C7B6003C9411 /* Tumblr Feeds.app */;
			productType = "com.apple.product-type.application";
		};
/* End PBXNativeTarget section */

/* Begin PBXProject section */
		DDB966E11E43C7B6003C9411 /* Project object */ = {
			isa = PBXProject;
			attributes = {
				LastSwiftUpdateCheck = 0820;
				LastUpgradeCheck = 0820;
				ORGANIZATIONNAME = "Rajjwal Rawal";
				TargetAttributes = {
					DDB966E81E43C7B6003C9411 = {
						CreatedOnToolsVersion = 8.2.1;
						ProvisioningStyle = Automatic;
					};
				};
			};
			buildConfigurationList = DDB966E41E43C7B6003C9411 /* Build configuration list for PBXProject "Tumblr Feeds" */;
			compatibilityVersion = "Xcode 3.2";
			developmentRegion = English;
			hasScannedForEncodings = 0;
			knownRegions = (
				en,
				Base,
			);
			mainGroup = DDB966E01E43C7B6003C9411;
			productRefGroup = DDB966EA1E43C7B6003C9411 /* Products */;
			projectDirPath = "";
			projectRoot = "";
			targets = (
				DDB966E81E43C7B6003C9411 /* Tumblr Feeds */,
			);
		};
/* End PBXProject section */

/* Begin PBXResourcesBuildPhase section */
		DDB966E71E43C7B6003C9411 /* Resources */ = {
			isa = PBXResourcesBuildPhase;
			buildActionMask = 2147483647;
			files = (
				DDB966F41E43C7B6003C9411 /* Assets.xcassets in Resources */,
				DDB966F21E43C7B6003C9411 /* Main.storyboard in Resources */,
			);
			runOnlyForDeploymentPostprocessing = 0;
		};
/* End PBXResourcesBuildPhase section */

/* Begin PBXShellScriptBuildPhase section */
		260DD199EF630F6D9268F82C /* [CP] Check Pods Manifest.lock */ = {
			isa = PBXShellScriptBuildPhase;
			buildActionMask = 2147483647;
			files = (
			);
			inputPaths = (
			);
			name = "[CP] Check Pods Manifest.lock";
			outputPaths = (
			);
			runOnlyForDeploymentPostprocessing = 0;
			shellPath = /bin/sh;
			shellScript = "diff \"${PODS_ROOT}/../Podfile.lock\" \"${PODS_ROOT}/Manifest.lock\" > /dev/null\nif [ $? != 0 ] ; then\n    # print error to STDERR\n    echo \"error: The sandbox is not in sync with the Podfile.lock. Run 'pod install' or update your CocoaPods installation.\" >&2\n    exit 1\nfi\n";
			showEnvVarsInLog = 0;
		};
		3E92DAB68991469225CAC1A2 /* [CP] Embed Pods Frameworks */ = {
			isa = PBXShellScriptBuildPhase;
			buildActionMask = 2147483647;
			files = (
			);
			inputPaths = (
			);
			name = "[CP] Embed Pods Frameworks";
			outputPaths = (
			);
			runOnlyForDeploymentPostprocessing = 0;
			shellPath = /bin/sh;
			shellScript = "\"${SRCROOT}/Pods/Target Support Files/Pods-Tumblr Feeds/Pods-Tumblr Feeds-frameworks.sh\"\n";
			showEnvVarsInLog = 0;
		};
		89EE76D630CDC29A6A332CA1 /* [CP] Copy Pods Resources */ = {
			isa = PBXShellScriptBuildPhase;
			buildActionMask = 2147483647;
			files = (
			);
			inputPaths = (
			);
			name = "[CP] Copy Pods Resources";
			outputPaths = (
			);
			runOnlyForDeploymentPostprocessing = 0;
			shellPath = /bin/sh;
			shellScript = "\"${SRCROOT}/Pods/Target Support Files/Pods-Tumblr Feeds/Pods-Tumblr Feeds-resources.sh\"\n";
			showEnvVarsInLog = 0;
		};
/* End PBXShellScriptBuildPhase section */

/* Begin PBXSourcesBuildPhase section */
		DDB966E51E43C7B6003C9411 /* Sources */ = {
			isa = PBXSourcesBuildPhase;
			buildActionMask = 2147483647;
			files = (
				DDB966ED1E43C7B6003C9411 /* AppDelegate.swift in Sources */,
				DD50F01A1E43DD5900BC4682 /* PhotoCell.swift in Sources */,
				DDB966FF1E43CB9B003C9411 /* PhotosViewController.swift in Sources */,
			);
			runOnlyForDeploymentPostprocessing = 0;
		};
/* End PBXSourcesBuildPhase section */

/* Begin PBXVariantGroup section */
		DDB966F01E43C7B6003C9411 /* Main.storyboard */ = {
			isa = PBXVariantGroup;
			children = (
				DDB966F11E43C7B6003C9411 /* Base */,
			);
			name = Main.storyboard;
			sourceTree = "<group>";
		};
/* End PBXVariantGroup section */

/* Begin XCBuildConfiguration section */
		DDB966F91E43C7B6003C9411 /* Debug */ = {
			isa = XCBuildConfiguration;
			buildSettings = {
				ALWAYS_SEARCH_USER_PATHS = NO;
				CLANG_ANALYZER_NONNULL = YES;
				CLANG_CXX_LANGUAGE_STANDARD = "gnu++0x";
				CLANG_CXX_LIBRARY = "libc++";
				CLANG_ENABLE_MODULES = YES;
				CLANG_ENABLE_OBJC_ARC = YES;
				CLANG_WARN_BOOL_CONVERSION = YES;
				CLANG_WARN_CONSTANT_CONVERSION = YES;
				CLANG_WARN_DIRECT_OBJC_ISA_USAGE = YES_ERROR;
				CLANG_WARN_DOCUMENTATION_COMMENTS = YES;
				CLANG_WARN_EMPTY_BODY = YES;
				CLANG_WARN_ENUM_CONVERSION = YES;
				CLANG_WARN_INFINITE_RECURSION = YES;
				CLANG_WARN_INT_CONVERSION = YES;
				CLANG_WARN_OBJC_ROOT_CLASS = YES_ERROR;
				CLANG_WARN_SUSPICIOUS_MOVE = YES;
				CLANG_WARN_UNREACHABLE_CODE = YES;
				CLANG_WARN__DUPLICATE_METHOD_MATCH = YES;
				"CODE_SIGN_IDENTITY[sdk=iphoneos*]" = "iPhone Developer";
				COPY_PHASE_STRIP = NO;
				DEBUG_INFORMATION_FORMAT = dwarf;
				ENABLE_STRICT_OBJC_MSGSEND = YES;
				ENABLE_TESTABILITY = YES;
				GCC_C_LANGUAGE_STANDARD = gnu99;
				GCC_DYNAMIC_NO_PIC = NO;
				GCC_NO_COMMON_BLOCKS = YES;
				GCC_OPTIMIZATION_LEVEL = 0;
				GCC_PREPROCESSOR_DEFINITIONS = (
					"DEBUG=1",
					"$(inherited)",
				);
				GCC_WARN_64_TO_32_BIT_CONVERSION = YES;
				GCC_WARN_ABOUT_RETURN_TYPE = YES_ERROR;
				GCC_WARN_UNDECLARED_SELECTOR = YES;
				GCC_WARN_UNINITIALIZED_AUTOS = YES_AGGRESSIVE;
				GCC_WARN_UNUSED_FUNCTION = YES;
				GCC_WARN_UNUSED_VARIABLE = YES;
				IPHONEOS_DEPLOYMENT_TARGET = 10.2;
				MTL_ENABLE_DEBUG_INFO = YES;
				ONLY_ACTIVE_ARCH = YES;
				SDKROOT = iphoneos;
				SWIFT_ACTIVE_COMPILATION_CONDITIONS = DEBUG;
				SWIFT_OPTIMIZATION_LEVEL = "-Onone";
				TARGETED_DEVICE_FAMILY = "1,2";
			};
			name = Debug;
		};
		DDB966FA1E43C7B6003C9411 /* Release */ = {
			isa = XCBuildConfiguration;
			buildSettings = {
				ALWAYS_SEARCH_USER_PATHS = NO;
				CLANG_ANALYZER_NONNULL = YES;
				CLANG_CXX_LANGUAGE_STANDARD = "gnu++0x";
				CLANG_CXX_LIBRARY = "libc++";
				CLANG_ENABLE_MODULES = YES;
				CLANG_ENABLE_OBJC_ARC = YES;
				CLANG_WARN_BOOL_CONVERSION = YES;
				CLANG_WARN_CONSTANT_CONVERSION = YES;
				CLANG_WARN_DIRECT_OBJC_ISA_USAGE = YES_ERROR;
				CLANG_WARN_DOCUMENTATION_COMMENTS = YES;
				CLANG_WARN_EMPTY_BODY = YES;
				CLANG_WARN_ENUM_CONVERSION = YES;
				CLANG_WARN_INFINITE_RECURSION = YES;
				CLANG_WARN_INT_CONVERSION = YES;
				CLANG_WARN_OBJC_ROOT_CLASS = YES_ERROR;
				CLANG_WARN_SUSPICIOUS_MOVE = YES;
				CLANG_WARN_UNREACHABLE_CODE = YES;
				CLANG_WARN__DUPLICATE_METHOD_MATCH = YES;
				"CODE_SIGN_IDENTITY[sdk=iphoneos*]" = "iPhone Developer";
				COPY_PHASE_STRIP = NO;
				DEBUG_INFORMATION_FORMAT = "dwarf-with-dsym";
				ENABLE_NS_ASSERTIONS = NO;
				ENABLE_STRICT_OBJC_MSGSEND = YES;
				GCC_C_LANGUAGE_STANDARD = gnu99;
				GCC_NO_COMMON_BLOCKS = YES;
				GCC_WARN_64_TO_32_BIT_CONVERSION = YES;
				GCC_WARN_ABOUT_RETURN_TYPE = YES_ERROR;
				GCC_WARN_UNDECLARED_SELECTOR = YES;
				GCC_WARN_UNINITIALIZED_AUTOS = YES_AGGRESSIVE;
				GCC_WARN_UNUSED_FUNCTION = YES;
				GCC_WARN_UNUSED_VARIABLE = YES;
				IPHONEOS_DEPLOYMENT_TARGET = 10.2;
				MTL_ENABLE_DEBUG_INFO = NO;
				SDKROOT = iphoneos;
				SWIFT_OPTIMIZATION_LEVEL = "-Owholemodule";
				TARGETED_DEVICE_FAMILY = "1,2";
				VALIDATE_PRODUCT = YES;
			};
			name = Release;
		};
		DDB966FC1E43C7B6003C9411 /* Debug */ = {
			isa = XCBuildConfiguration;
			baseConfigurationReference = 30E8F92279C2BEF9B77611C9 /* Pods-Tumblr Feeds.debug.xcconfig */;
			buildSettings = {
				ASSETCATALOG_COMPILER_APPICON_NAME = AppIcon;
				INFOPLIST_FILE = "Tumblr Feeds/Info.plist";
				LD_RUNPATH_SEARCH_PATHS = "$(inherited) @executable_path/Frameworks";
				PRODUCT_BUNDLE_IDENTIFIER = "IOS-Dev.Tumblr-Feeds";
				PRODUCT_NAME = "$(TARGET_NAME)";
				SWIFT_VERSION = 3.0;
			};
			name = Debug;
		};
		DDB966FD1E43C7B6003C9411 /* Release */ = {
			isa = XCBuildConfiguration;
			baseConfigurationReference = B223A86E0491B52F3B1E9866 /* Pods-Tumblr Feeds.release.xcconfig */;
			buildSettings = {
				ASSETCATALOG_COMPILER_APPICON_NAME = AppIcon;
				INFOPLIST_FILE = "Tumblr Feeds/Info.plist";
				LD_RUNPATH_SEARCH_PATHS = "$(inherited) @executable_path/Frameworks";
				PRODUCT_BUNDLE_IDENTIFIER = "IOS-Dev.Tumblr-Feeds";
				PRODUCT_NAME = "$(TARGET_NAME)";
				SWIFT_VERSION = 3.0;
			};
			name = Release;
		};
/* End XCBuildConfiguration section */

/* Begin XCConfigurationList section */
		DDB966E41E43C7B6003C9411 /* Build configuration list for PBXProject "Tumblr Feeds" */ = {
			isa = XCConfigurationList;
			buildConfigurations = (
				DDB966F91E43C7B6003C9411 /* Debug */,
				DDB966FA1E43C7B6003C9411 /* Release */,
			);
			defaultConfigurationIsVisible = 0;
			defaultConfigurationName = Release;
		};
		DDB966FB1E43C7B6003C9411 /* Build configuration list for PBXNativeTarget "Tumblr Feeds" */ = {
			isa = XCConfigurationList;
			buildConfigurations = (
				DDB966FC1E43C7B6003C9411 /* Debug */,
				DDB966FD1E43C7B6003C9411 /* Release */,
			);
			defaultConfigurationIsVisible = 0;
			defaultConfigurationName = Release;
		};
/* End XCConfigurationList section */
	};
	rootObject = DDB966E11E43C7B6003C9411 /* Project object */;
}
